
Microsoft Visual Studio Solution File, Format Version 12.00
# Visual Studio 15
VisualStudioVersion = 15.0.27130.2020
MinimumVisualStudioVersion = 10.0.40219.1
Project("{FAE04EC0-301F-11D3-BF4B-00C04F79EFBC}") = "InitialTest", "InitialTest\InitialTest.csproj", "{35E4B641-E052-4D32-8C88-BD0886C05B7E}"
EndProject
Global
	GlobalSection(SolutionConfigurationPlatforms) = preSolution
		Debug|Any CPU = Debug|Any CPU
		Release|Any CPU = Release|Any CPU
	EndGlobalSection
	GlobalSection(ProjectConfigurationPlatforms) = postSolution
		{35E4B641-E052-4D32-8C88-BD0886C05B7E}.Debug|Any CPU.ActiveCfg = Debug|Any CPU
		{35E4B641-E052-4D32-8C88-BD0886C05B7E}.Debug|Any CPU.Build.0 = Debug|Any CPU
		{35E4B641-E052-4D32-8C88-BD0886C05B7E}.Release|Any CPU.ActiveCfg = Release|Any CPU
		{35E4B641-E052-4D32-8C88-BD0886C05B7E}.Release|Any CPU.Build.0 = Release|Any CPU
	EndGlobalSection
	GlobalSection(SolutionProperties) = preSolution
		HideSolutionNode = FALSE
	EndGlobalSection
	GlobalSection(ExtensibilityGlobals) = postSolution
		SolutionGuid = {BA53E7FC-E1E0-49CB-832B-FAC0CBF76377}
	EndGlobalSection
EndGlobal
